
Microsoft Visual Studio Solution File, Format Version 12.00
# Visual Studio Version 17
VisualStudioVersion = 17.8.34408.163
MinimumVisualStudioVersion = 10.0.40219.1
Project("{8BC9CEB8-8B4A-11D0-8D11-00A0C91BC942}") = "tasks80shtuk", "tasks80shtuk.vcxproj", "{040B7F4D-6D17-4538-ADD4-66494FDD4DF7}"
EndProject
Global
	GlobalSection(SolutionConfigurationPlatforms) = preSolution
		Debug|x64 = Debug|x64
		Debug|x86 = Debug|x86
		Release|x64 = Release|x64
		Release|x86 = Release|x86
	EndGlobalSection
	GlobalSection(ProjectConfigurationPlatforms) = postSolution
		{040B7F4D-6D17-4538-ADD4-66494FDD4DF7}.Debug|x64.ActiveCfg = Debug|x64
		{040B7F4D-6D17-4538-ADD4-66494FDD4DF7}.Debug|x64.Build.0 = Debug|x64
		{040B7F4D-6D17-4538-ADD4-66494FDD4DF7}.Debug|x86.ActiveCfg = Debug|Win32
		{040B7F4D-6D17-4538-ADD4-66494FDD4DF7}.Debug|x86.Build.0 = Debug|Win32
		{040B7F4D-6D17-4538-ADD4-66494FDD4DF7}.Release|x64.ActiveCfg = Release|x64
		{040B7F4D-6D17-4538-ADD4-66494FDD4DF7}.Release|x64.Build.0 = Release|x64
		{040B7F4D-6D17-4538-ADD4-66494FDD4DF7}.Release|x86.ActiveCfg = Release|Win32
		{040B7F4D-6D17-4538-ADD4-66494FDD4DF7}.Release|x86.Build.0 = Release|Win32
	EndGlobalSection
	GlobalSection(SolutionProperties) = preSolution
		HideSolutionNode = FALSE
	EndGlobalSection
	GlobalSection(ExtensibilityGlobals) = postSolution
		SolutionGuid = {D43CDDA7-9DEF-4B80-BE34-6A14083C6470}
	EndGlobalSection
EndGlobal
